// !$*UTF8*$!
{
	archiveVersion = 1;
	classes = {
	};
	objectVersion = 48;
	objects = {

/* Begin PBXBuildFile section */
		E31D05021FCFDB9400408EC1 /* QQFriend.m in Sources */ = {isa = PBXBuildFile; fileRef = E31D05011FCFDB9400408EC1 /* QQFriend.m */; };
		E31D05051FCFDC4D00408EC1 /* QQGroup.m in Sources */ = {isa = PBXBuildFile; fileRef = E31D05041FCFDC4D00408EC1 /* QQGroup.m */; };
		E31D05091FCFDE0D00408EC1 /* FriendCell.m in Sources */ = {isa = PBXBuildFile; fileRef = E31D05071FCFDE0D00408EC1 /* FriendCell.m */; };
		E31D050A1FCFDE0D00408EC1 /* FriendCell.xib in Resources */ = {isa = PBXBuildFile; fileRef = E31D05081FCFDE0D00408EC1 /* FriendCell.xib */; };
		E31D050D1FCFDF2300408EC1 /* GroupHeaderView.m in Sources */ = {isa = PBXBuildFile; fileRef = E31D050C1FCFDF2300408EC1 /* GroupHeaderView.m */; };
		E31D050F1FCFDF2C00408EC1 /* GroupHeaderView.xib in Resources */ = {isa = PBXBuildFile; fileRef = E31D050E1FCFDF2C00408EC1 /* GroupHeaderView.xib */; };
		E38F571E1FCFD931000952C5 /* AppDelegate.m in Sources */ = {isa = PBXBuildFile; fileRef = E38F571D1FCFD931000952C5 /* AppDelegate.m */; };
		E38F57211FCFD931000952C5 /* ViewController.m in Sources */ = {isa = PBXBuildFile; fileRef = E38F57201FCFD931000952C5 /* ViewController.m */; };
		E38F57241FCFD931000952C5 /* Main.storyboard in Resources */ = {isa = PBXBuildFile; fileRef = E38F57221FCFD931000952C5 /* Main.storyboard */; };
		E38F57261FCFD931000952C5 /* Assets.xcassets in Resources */ = {isa = PBXBuildFile; fileRef = E38F57251FCFD931000952C5 /* Assets.xcassets */; };
		E38F57291FCFD931000952C5 /* LaunchScreen.storyboard in Resources */ = {isa = PBXBuildFile; fileRef = E38F57271FCFD931000952C5 /* LaunchScreen.storyboard */; };
		E38F572C1FCFD931000952C5 /* main.m in Sources */ = {isa = PBXBuildFile; fileRef = E38F572B1FCFD931000952C5 /* main.m */; };
		E38F57331FCFD95E000952C5 /* friends.plist in Resources */ = {isa = PBXBuildFile; fileRef = E38F57321FCFD95E000952C5 /* friends.plist */; };
/* End PBXBuildFile section */

/* Begin PBXFileReference section */
		E31D05001FCFDB9400408EC1 /* QQFriend.h */ = {isa = PBXFileReference; lastKnownFileType = sourcecode.c.h; path = QQFriend.h; sourceTree = "<group>"; };
		E31D05011FCFDB9400408EC1 /* QQFriend.m */ = {isa = PBXFileReference; lastKnownFileType = sourcecode.c.objc; path = QQFriend.m; sourceTree = "<group>"; };
		E31D05031FCFDC4D00408EC1 /* QQGroup.h */ = {isa = PBXFileReference; lastKnownFileType = sourcecode.c.h; path = QQGroup.h; sourceTree = "<group>"; };
		E31D05041FCFDC4D00408EC1 /* QQGroup.m */ = {isa = PBXFileReference; lastKnownFileType = sourcecode.c.objc; path = QQGroup.m; sourceTree = "<group>"; };
		E31D05061FCFDE0D00408EC1 /* FriendCell.h */ = {isa = PBXFileReference; lastKnownFileType = sourcecode.c.h; path = FriendCell.h; sourceTree = "<group>"; };
		E31D05071FCFDE0D00408EC1 /* FriendCell.m */ = {isa = PBXFileReference; lastKnownFileType = sourcecode.c.objc; path = FriendCell.m; sourceTree = "<group>"; };
		E31D05081FCFDE0D00408EC1 /* FriendCell.xib */ = {isa = PBXFileReference; lastKnownFileType = file.xib; path = FriendCell.xib; sourceTree = "<group>"; };
		E31D050B1FCFDF2300408EC1 /* GroupHeaderView.h */ = {isa = PBXFileReference; lastKnownFileType = sourcecode.c.h; path = GroupHeaderView.h; sourceTree = "<group>"; };
		E31D050C1FCFDF2300408EC1 /* GroupHeaderView.m */ = {isa = PBXFileReference; lastKnownFileType = sourcecode.c.objc; path = GroupHeaderView.m; sourceTree = "<group>"; };
		E31D050E1FCFDF2C00408EC1 /* GroupHeaderView.xib */ = {isa = PBXFileReference; lastKnownFileType = file.xib; path = GroupHeaderView.xib; sourceTree = "<group>"; };
		E38F57191FCFD931000952C5 /* QQ头部.app */ = {isa = PBXFileReference; explicitFileType = wrapper.application; includeInIndex = 0; path = "QQ头部.app"; sourceTree = BUILT_PRODUCTS_DIR; };
		E38F571C1FCFD931000952C5 /* AppDelegate.h */ = {isa = PBXFileReference; lastKnownFileType = sourcecode.c.h; path = AppDelegate.h; sourceTree = "<group>"; };
		E38F571D1FCFD931000952C5 /* AppDelegate.m */ = {isa = PBXFileReference; lastKnownFileType = sourcecode.c.objc; path = AppDelegate.m; sourceTree = "<group>"; };
		E38F571F1FCFD931000952C5 /* ViewController.h */ = {isa = PBXFileReference; lastKnownFileType = sourcecode.c.h; path = ViewController.h; sourceTree = "<group>"; };
		E38F57201FCFD931000952C5 /* ViewController.m */ = {isa = PBXFileReference; lastKnownFileType = sourcecode.c.objc; path = ViewController.m; sourceTree = "<group>"; };
		E38F57231FCFD931000952C5 /* Base */ = {isa = PBXFileReference; lastKnownFileType = file.storyboard; name = Base; path = Base.lproj/Main.storyboard; sourceTree = "<group>"; };
		E38F57251FCFD931000952C5 /* Assets.xcassets */ = {isa = PBXFileReference; lastKnownFileType = folder.assetcatalog; path = Assets.xcassets; sourceTree = "<group>"; };
		E38F57281FCFD931000952C5 /* Base */ = {isa = PBXFileReference; lastKnownFileType = file.storyboard; name = Base; path = Base.lproj/LaunchScreen.storyboard; sourceTree = "<group>"; };
		E38F572A1FCFD931000952C5 /* Info.plist */ = {isa = PBXFileReference; lastKnownFileType = text.plist.xml; path = Info.plist; sourceTree = "<group>"; };
		E38F572B1FCFD931000952C5 /* main.m */ = {isa = PBXFileReference; lastKnownFileType = sourcecode.c.objc; path = main.m; sourceTree = "<group>"; };
		E38F57321FCFD95E000952C5 /* friends.plist */ = {isa = PBXFileReference; fileEncoding = 4; lastKnownFileType = text.plist.xml; path = friends.plist; sourceTree = "<group>"; };
/* End PBXFileReference section */

/* Begin PBXFrameworksBuildPhase section */
		E38F57161FCFD931000952C5 /* Frameworks */ = {
			isa = PBXFrameworksBuildPhase;
			buildActionMask = 2147483647;
			files = (
			);
			runOnlyForDeploymentPostprocessing = 0;
		};
/* End PBXFrameworksBuildPhase section */

/* Begin PBXGroup section */
		E38F57101FCFD931000952C5 = {
			isa = PBXGroup;
			children = (
				E38F571B1FCFD931000952C5 /* QQ头部 */,
				E38F571A1FCFD931000952C5 /* Products */,
			);
			sourceTree = "<group>";
		};
		E38F571A1FCFD931000952C5 /* Products */ = {
			isa = PBXGroup;
			children = (
				E38F57191FCFD931000952C5 /* QQ头部.app */,
			);
			name = Products;
			sourceTree = "<group>";
		};
		E38F571B1FCFD931000952C5 /* QQ头部 */ = {
			isa = PBXGroup;
			children = (
				E38F571C1FCFD931000952C5 /* AppDelegate.h */,
				E38F571D1FCFD931000952C5 /* AppDelegate.m */,
				E38F571F1FCFD931000952C5 /* ViewController.h */,
				E38F57201FCFD931000952C5 /* ViewController.m */,
				E31D05001FCFDB9400408EC1 /* QQFriend.h */,
				E31D05011FCFDB9400408EC1 /* QQFriend.m */,
				E31D05031FCFDC4D00408EC1 /* QQGroup.h */,
				E31D05041FCFDC4D00408EC1 /* QQGroup.m */,
				E31D05061FCFDE0D00408EC1 /* FriendCell.h */,
				E31D05071FCFDE0D00408EC1 /* FriendCell.m */,
				E31D05081FCFDE0D00408EC1 /* FriendCell.xib */,
				E31D050B1FCFDF2300408EC1 /* GroupHeaderView.h */,
				E31D050C1FCFDF2300408EC1 /* GroupHeaderView.m */,
				E31D050E1FCFDF2C00408EC1 /* GroupHeaderView.xib */,
				E38F57221FCFD931000952C5 /* Main.storyboard */,
				E38F57321FCFD95E000952C5 /* friends.plist */,
				E38F57251FCFD931000952C5 /* Assets.xcassets */,
				E38F57271FCFD931000952C5 /* LaunchScreen.storyboard */,
				E38F572A1FCFD931000952C5 /* Info.plist */,
				E38F572B1FCFD931000952C5 /* main.m */,
			);
			path = "QQ头部";
			sourceTree = "<group>";
		};
/* End PBXGroup section */

/* Begin PBXNativeTarget section */
		E38F57181FCFD931000952C5 /* QQ头部 */ = {
			isa = PBXNativeTarget;
			buildConfigurationList = E38F572F1FCFD931000952C5 /* Build configuration list for PBXNativeTarget "QQ头部" */;
			buildPhases = (
				E38F57151FCFD931000952C5 /* Sources */,
				E38F57161FCFD931000952C5 /* Frameworks */,
				E38F57171FCFD931000952C5 /* Resources */,
			);
			buildRules = (
			);
			dependencies = (
			);
			name = "QQ头部";
			productName = "QQ头部";
			productReference = E38F57191FCFD931000952C5 /* QQ头部.app */;
			productType = "com.apple.product-type.application";
		};
/* End PBXNativeTarget section */

/* Begin PBXProject section */
		E38F57111FCFD931000952C5 /* Project object */ = {
			isa = PBXProject;
			attributes = {
				LastUpgradeCheck = 0910;
				ORGANIZATIONNAME = "blue@circle";
				TargetAttributes = {
					E38F57181FCFD931000952C5 = {
						CreatedOnToolsVersion = 9.1;
						ProvisioningStyle = Automatic;
					};
				};
			};
			buildConfigurationList = E38F57141FCFD931000952C5 /* Build configuration list for PBXProject "QQ头部" */;
			compatibilityVersion = "Xcode 8.0";
			developmentRegion = en;
			hasScannedForEncodings = 0;
			knownRegions = (
				en,
				Base,
			);
			mainGroup = E38F57101FCFD931000952C5;
			productRefGroup = E38F571A1FCFD931000952C5 /* Products */;
			projectDirPath = "";
			projectRoot = "";
			targets = (
				E38F57181FCFD931000952C5 /* QQ头部 */,
			);
		};
/* End PBXProject section */

/* Begin PBXResourcesBuildPhase section */
		E38F57171FCFD931000952C5 /* Resources */ = {
			isa = PBXResourcesBuildPhase;
			buildActionMask = 2147483647;
			files = (
				E31D050A1FCFDE0D00408EC1 /* FriendCell.xib in Resources */,
				E38F57291FCFD931000952C5 /* LaunchScreen.storyboard in Resources */,
				E38F57261FCFD931000952C5 /* Assets.xcassets in Resources */,
				E38F57331FCFD95E000952C5 /* friends.plist in Resources */,
				E38F57241FCFD931000952C5 /* Main.storyboard in Resources */,
				E31D050F1FCFDF2C00408EC1 /* GroupHeaderView.xib in Resources */,
			);
			runOnlyForDeploymentPostprocessing = 0;
		};
/* End PBXResourcesBuildPhase section */

/* Begin PBXSourcesBuildPhase section */
		E38F57151FCFD931000952C5 /* Sources */ = {
			isa = PBXSourcesBuildPhase;
			buildActionMask = 2147483647;
			files = (
				E31D050D1FCFDF2300408EC1 /* GroupHeaderView.m in Sources */,
				E38F57211FCFD931000952C5 /* ViewController.m in Sources */,
				E38F572C1FCFD931000952C5 /* main.m in Sources */,
				E38F571E1FCFD931000952C5 /* AppDelegate.m in Sources */,
				E31D05091FCFDE0D00408EC1 /* FriendCell.m in Sources */,
				E31D05021FCFDB9400408EC1 /* QQFriend.m in Sources */,
				E31D05051FCFDC4D00408EC1 /* QQGroup.m in Sources */,
			);
			runOnlyForDeploymentPostprocessing = 0;
		};
/* End PBXSourcesBuildPhase section */

/* Begin PBXVariantGroup section */
		E38F57221FCFD931000952C5 /* Main.storyboard */ = {
			isa = PBXVariantGroup;
			children = (
				E38F57231FCFD931000952C5 /* Base */,
			);
			name = Main.storyboard;
			sourceTree = "<group>";
		};
		E38F57271FCFD931000952C5 /* LaunchScreen.storyboard */ = {
			isa = PBXVariantGroup;
			children = (
				E38F57281FCFD931000952C5 /* Base */,
			);
			name = LaunchScreen.storyboard;
			sourceTree = "<group>";
		};
/* End PBXVariantGroup section */

/* Begin XCBuildConfiguration section */
		E38F572D1FCFD931000952C5 /* Debug */ = {
			isa = XCBuildConfiguration;
			buildSettings = {
				ALWAYS_SEARCH_USER_PATHS = NO;
				CLANG_ANALYZER_NONNULL = YES;
				CLANG_ANALYZER_NUMBER_OBJECT_CONVERSION = YES_AGGRESSIVE;
				CLANG_CXX_LANGUAGE_STANDARD = "gnu++14";
				CLANG_CXX_LIBRARY = "libc++";
				CLANG_ENABLE_MODULES = YES;
				CLANG_ENABLE_OBJC_ARC = YES;
				CLANG_WARN_BLOCK_CAPTURE_AUTORELEASING = YES;
				CLANG_WARN_BOOL_CONVERSION = YES;
				CLANG_WARN_COMMA = YES;
				CLANG_WARN_CONSTANT_CONVERSION = YES;
				CLANG_WARN_DIRECT_OBJC_ISA_USAGE = YES_ERROR;
				CLANG_WARN_DOCUMENTATION_COMMENTS = YES;
				CLANG_WARN_EMPTY_BODY = YES;
				CLANG_WARN_ENUM_CONVERSION = YES;
				CLANG_WARN_INFINITE_RECURSION = YES;
				CLANG_WARN_INT_CONVERSION = YES;
				CLANG_WARN_NON_LITERAL_NULL_CONVERSION = YES;
				CLANG_WARN_OBJC_LITERAL_CONVERSION = YES;
				CLANG_WARN_OBJC_ROOT_CLASS = YES_ERROR;
				CLANG_WARN_RANGE_LOOP_ANALYSIS = YES;
				CLANG_WARN_STRICT_PROTOTYPES = YES;
				CLANG_WARN_SUSPICIOUS_MOVE = YES;
				CLANG_WARN_UNGUARDED_AVAILABILITY = YES_AGGRESSIVE;
				CLANG_WARN_UNREACHABLE_CODE = YES;
				CLANG_WARN__DUPLICATE_METHOD_MATCH = YES;
				CODE_SIGN_IDENTITY = "iPhone Developer";
				COPY_PHASE_STRIP = NO;
				DEBUG_INFORMATION_FORMAT = dwarf;
				ENABLE_STRICT_OBJC_MSGSEND = YES;
				ENABLE_TESTABILITY = YES;
				GCC_C_LANGUAGE_STANDARD = gnu11;
				GCC_DYNAMIC_NO_PIC = NO;
				GCC_NO_COMMON_BLOCKS = YES;
				GCC_OPTIMIZATION_LEVEL = 0;
				GCC_PREPROCESSOR_DEFINITIONS = (
					"DEBUG=1",
					"$(inherited)",
				);
				GCC_WARN_64_TO_32_BIT_CONVERSION = YES;
				GCC_WARN_ABOUT_RETURN_TYPE = YES_ERROR;
				GCC_WARN_UNDECLARED_SELECTOR = YES;
				GCC_WARN_UNINITIALIZED_AUTOS = YES_AGGRESSIVE;
				GCC_WARN_UNUSED_FUNCTION = YES;
				GCC_WARN_UNUSED_VARIABLE = YES;
				IPHONEOS_DEPLOYMENT_TARGET = 11.1;
				MTL_ENABLE_DEBUG_INFO = YES;
				ONLY_ACTIVE_ARCH = YES;
				SDKROOT = iphoneos;
			};
			name = Debug;
		};
		E38F572E1FCFD931000952C5 /* Release */ = {
			isa = XCBuildConfiguration;
			buildSettings = {
				ALWAYS_SEARCH_USER_PATHS = NO;
				CLANG_ANALYZER_NONNULL = YES;
				CLANG_ANALYZER_NUMBER_OBJECT_CONVERSION = YES_AGGRESSIVE;
				CLANG_CXX_LANGUAGE_STANDARD = "gnu++14";
				CLANG_CXX_LIBRARY = "libc++";
				CLANG_ENABLE_MODULES = YES;
				CLANG_ENABLE_OBJC_ARC = YES;
				CLANG_WARN_BLOCK_CAPTURE_AUTORELEASING = YES;
				CLANG_WARN_BOOL_CONVERSION = YES;
				CLANG_WARN_COMMA = YES;
				CLANG_WARN_CONSTANT_CONVERSION = YES;
				CLANG_WARN_DIRECT_OBJC_ISA_USAGE = YES_ERROR;
				CLANG_WARN_DOCUMENTATION_COMMENTS = YES;
				CLANG_WARN_EMPTY_BODY = YES;
				CLANG_WARN_ENUM_CONVERSION = YES;
				CLANG_WARN_INFINITE_RECURSION = YES;
				CLANG_WARN_INT_CONVERSION = YES;
				CLANG_WARN_NON_LITERAL_NULL_CONVERSION = YES;
				CLANG_WARN_OBJC_LITERAL_CONVERSION = YES;
				CLANG_WARN_OBJC_ROOT_CLASS = YES_ERROR;
				CLANG_WARN_RANGE_LOOP_ANALYSIS = YES;
				CLANG_WARN_STRICT_PROTOTYPES = YES;
				CLANG_WARN_SUSPICIOUS_MOVE = YES;
				CLANG_WARN_UNGUARDED_AVAILABILITY = YES_AGGRESSIVE;
				CLANG_WARN_UNREACHABLE_CODE = YES;
				CLANG_WARN__DUPLICATE_METHOD_MATCH = YES;
				CODE_SIGN_IDENTITY = "iPhone Developer";
				COPY_PHASE_STRIP = NO;
				DEBUG_INFORMATION_FORMAT = "dwarf-with-dsym";
				ENABLE_NS_ASSERTIONS = NO;
				ENABLE_STRICT_OBJC_MSGSEND = YES;
				GCC_C_LANGUAGE_STANDARD = gnu11;
				GCC_NO_COMMON_BLOCKS = YES;
				GCC_WARN_64_TO_32_BIT_CONVERSION = YES;
				GCC_WARN_ABOUT_RETURN_TYPE = YES_ERROR;
				GCC_WARN_UNDECLARED_SELECTOR = YES;
				GCC_WARN_UNINITIALIZED_AUTOS = YES_AGGRESSIVE;
				GCC_WARN_UNUSED_FUNCTION = YES;
				GCC_WARN_UNUSED_VARIABLE = YES;
				IPHONEOS_DEPLOYMENT_TARGET = 11.1;
				MTL_ENABLE_DEBUG_INFO = NO;
				SDKROOT = iphoneos;
				VALIDATE_PRODUCT = YES;
			};
			name = Release;
		};
		E38F57301FCFD931000952C5 /* Debug */ = {
			isa = XCBuildConfiguration;
			buildSettings = {
				ASSETCATALOG_COMPILER_APPICON_NAME = AppIcon;
				CODE_SIGN_STYLE = Automatic;
				DEVELOPMENT_TEAM = 48R9Z452YE;
				INFOPLIST_FILE = "QQ头部/Info.plist";
				LD_RUNPATH_SEARCH_PATHS = "$(inherited) @executable_path/Frameworks";
				PRODUCT_BUNDLE_IDENTIFIER = "baojian.QQ--";
				PRODUCT_NAME = "$(TARGET_NAME)";
				TARGETED_DEVICE_FAMILY = "1,2";
			};
			name = Debug;
		};
		E38F57311FCFD931000952C5 /* Release */ = {
			isa = XCBuildConfiguration;
			buildSettings = {
				ASSETCATALOG_COMPILER_APPICON_NAME = AppIcon;
				CODE_SIGN_STYLE = Automatic;
				DEVELOPMENT_TEAM = 48R9Z452YE;
				INFOPLIST_FILE = "QQ头部/Info.plist";
				LD_RUNPATH_SEARCH_PATHS = "$(inherited) @executable_path/Frameworks";
				PRODUCT_BUNDLE_IDENTIFIER = "baojian.QQ--";
				PRODUCT_NAME = "$(TARGET_NAME)";
				TARGETED_DEVICE_FAMILY = "1,2";
			};
			name = Release;
		};
/* End XCBuildConfiguration section */

/* Begin XCConfigurationList section */
		E38F57141FCFD931000952C5 /* Build configuration list for PBXProject "QQ头部" */ = {
			isa = XCConfigurationList;
			buildConfigurations = (
				E38F572D1FCFD931000952C5 /* Debug */,
				E38F572E1FCFD931000952C5 /* Release */,
			);
			defaultConfigurationIsVisible = 0;
			defaultConfigurationName = Release;
		};
		E38F572F1FCFD931000952C5 /* Build configuration list for PBXNativeTarget "QQ头部" */ = {
			isa = XCConfigurationList;
			buildConfigurations = (
				E38F57301FCFD931000952C5 /* Debug */,
				E38F57311FCFD931000952C5 /* Release */,
			);
			defaultConfigurationIsVisible = 0;
			defaultConfigurationName = Release;
		};
/* End XCConfigurationList section */
	};
	rootObject = E38F57111FCFD931000952C5 /* Project object */;
}
